<?xml version="1.0" encoding="UTF-8" standalone="yes" ?>
<CodeBlocks_project_file>
	<FileVersion major="1" minor="6" />
	<Project>
		<Option title="sdl_ttf" />
		<Option pch_mode="2" />
		<Option compiler="gcc" />
		<Build>
			<Target title="Debug">
				<Option output="sdl_ttf" prefix_auto="1" extension_auto="1" />
				<Option object_output="obj\Debug\" />
				<Option type="3" />
				<Option compiler="gcc" />
				<Option createDefFile="1" />
				<Option createStaticLib="1" />
				<Compiler>
					<Add option="-g" />
				</Compiler>
			</Target>
			<Target title="Release">
				<Option output="sdl_ttf" prefix_auto="1" extension_auto="1" />
				<Option object_output="obj\Release\" />
				<Option type="3" />
				<Option compiler="gcc" />
				<Option createDefFile="1" />
				<Option createStaticLib="1" />
				<Compiler>
					<Add option="-O2" />
				</Compiler>
				<Linker>
					<Add option="-s" />
				</Linker>
			</Target>
		</Build>
		<Compiler>
			<Add option="-Wall" />
			<Add directory="SDL\include\SDL" />
			<Add directory="freetype-2.3.12\include" />
		</Compiler>
		<Linker>
			<Add library="libfreetype2.a" />
			<Add library="SDL\lib\libSDL.dll.a" />
			<Add library="SDL\lib\libSDLmain.a" />
			<Add directory="..\win" />
		</Linker>
		<Unit filename="SDL_ttf-2.0.9\SDL_ttf.c">
			<Option compilerVar="CC" />
		</Unit>
		<Unit filename="SDL_ttf-2.0.9\SDL_ttf.h" />
		<Extensions>
			<code_completion />
			<debugger />
		</Extensions>
	</Project>
</CodeBlocks_project_file>
